
Microsoft Visual Studio Solution File, Format Version 12.00
# Visual Studio Version 17
VisualStudioVersion = 17.0.31903.59
MinimumVisualStudioVersion = 10.0.40219.1
Project("{2150E333-8FDC-42A3-9474-1A3956D46DE8}") = "src", "src", "{827E0CD3-B72D-47B6-A68D-7590B98EB39B}"
EndProject
Project("{2150E333-8FDC-42A3-9474-1A3956D46DE8}") = "Core", "Core", "{8D626EA8-CB54-BC41-363A-217881BEBA6E}"
EndProject
Project("{FAE04EC0-301F-11D3-BF4B-00C04F79EFBC}") = "PharmacyChain.Core", "src\Core\PharmacyChain.Core.csproj", "{76F6A5BB-C628-416D-89C1-FF29438FFFBF}"
EndProject
Project("{2150E333-8FDC-42A3-9474-1A3956D46DE8}") = "Infrastructure", "Infrastructure", "{9048EB7F-3875-A59E-E36B-5BD4C6F2A282}"
EndProject
Project("{FAE04EC0-301F-11D3-BF4B-00C04F79EFBC}") = "PharmacyChain.Infrastructure", "src\Infrastructure\PharmacyChain.Infrastructure.csproj", "{64B46812-3EBC-4A8B-AB06-CFD795BE2D47}"
EndProject
Project("{2150E333-8FDC-42A3-9474-1A3956D46DE8}") = "API", "API", "{81034408-37C8-1011-444E-4C15C2FADA8E}"
EndProject
Project("{FAE04EC0-301F-11D3-BF4B-00C04F79EFBC}") = "PharmacyChain.API", "src\API\PharmacyChain.API.csproj", "{812D5FD2-C544-4DAD-B5C7-C5CBC9971205}"
EndProject
Global
	GlobalSection(SolutionConfigurationPlatforms) = preSolution
		Debug|Any CPU = Debug|Any CPU
		Debug|x64 = Debug|x64
		Debug|x86 = Debug|x86
		Release|Any CPU = Release|Any CPU
		Release|x64 = Release|x64
		Release|x86 = Release|x86
	EndGlobalSection
	GlobalSection(ProjectConfigurationPlatforms) = postSolution
		{76F6A5BB-C628-416D-89C1-FF29438FFFBF}.Debug|Any CPU.ActiveCfg = Debug|Any CPU
		{76F6A5BB-C628-416D-89C1-FF29438FFFBF}.Debug|Any CPU.Build.0 = Debug|Any CPU
		{76F6A5BB-C628-416D-89C1-FF29438FFFBF}.Debug|x64.ActiveCfg = Debug|Any CPU
		{76F6A5BB-C628-416D-89C1-FF29438FFFBF}.Debug|x64.Build.0 = Debug|Any CPU
		{76F6A5BB-C628-416D-89C1-FF29438FFFBF}.Debug|x86.ActiveCfg = Debug|Any CPU
		{76F6A5BB-C628-416D-89C1-FF29438FFFBF}.Debug|x86.Build.0 = Debug|Any CPU
		{76F6A5BB-C628-416D-89C1-FF29438FFFBF}.Release|Any CPU.ActiveCfg = Release|Any CPU
		{76F6A5BB-C628-416D-89C1-FF29438FFFBF}.Release|Any CPU.Build.0 = Release|Any CPU
		{76F6A5BB-C628-416D-89C1-FF29438FFFBF}.Release|x64.ActiveCfg = Release|Any CPU
		{76F6A5BB-C628-416D-89C1-FF29438FFFBF}.Release|x64.Build.0 = Release|Any CPU
		{76F6A5BB-C628-416D-89C1-FF29438FFFBF}.Release|x86.ActiveCfg = Release|Any CPU
		{76F6A5BB-C628-416D-89C1-FF29438FFFBF}.Release|x86.Build.0 = Release|Any CPU
		{64B46812-3EBC-4A8B-AB06-CFD795BE2D47}.Debug|Any CPU.ActiveCfg = Debug|Any CPU
		{64B46812-3EBC-4A8B-AB06-CFD795BE2D47}.Debug|Any CPU.Build.0 = Debug|Any CPU
		{64B46812-3EBC-4A8B-AB06-CFD795BE2D47}.Debug|x64.ActiveCfg = Debug|Any CPU
		{64B46812-3EBC-4A8B-AB06-CFD795BE2D47}.Debug|x64.Build.0 = Debug|Any CPU
		{64B46812-3EBC-4A8B-AB06-CFD795BE2D47}.Debug|x86.ActiveCfg = Debug|Any CPU
		{64B46812-3EBC-4A8B-AB06-CFD795BE2D47}.Debug|x86.Build.0 = Debug|Any CPU
		{64B46812-3EBC-4A8B-AB06-CFD795BE2D47}.Release|Any CPU.ActiveCfg = Release|Any CPU
		{64B46812-3EBC-4A8B-AB06-CFD795BE2D47}.Release|Any CPU.Build.0 = Release|Any CPU
		{64B46812-3EBC-4A8B-AB06-CFD795BE2D47}.Release|x64.ActiveCfg = Release|Any CPU
		{64B46812-3EBC-4A8B-AB06-CFD795BE2D47}.Release|x64.Build.0 = Release|Any CPU
		{64B46812-3EBC-4A8B-AB06-CFD795BE2D47}.Release|x86.ActiveCfg = Release|Any CPU
		{64B46812-3EBC-4A8B-AB06-CFD795BE2D47}.Release|x86.Build.0 = Release|Any CPU
		{812D5FD2-C544-4DAD-B5C7-C5CBC9971205}.Debug|Any CPU.ActiveCfg = Debug|Any CPU
		{812D5FD2-C544-4DAD-B5C7-C5CBC9971205}.Debug|Any CPU.Build.0 = Debug|Any CPU
		{812D5FD2-C544-4DAD-B5C7-C5CBC9971205}.Debug|x64.ActiveCfg = Debug|Any CPU
		{812D5FD2-C544-4DAD-B5C7-C5CBC9971205}.Debug|x64.Build.0 = Debug|Any CPU
		{812D5FD2-C544-4DAD-B5C7-C5CBC9971205}.Debug|x86.ActiveCfg = Debug|Any CPU
		{812D5FD2-C544-4DAD-B5C7-C5CBC9971205}.Debug|x86.Build.0 = Debug|Any CPU
		{812D5FD2-C544-4DAD-B5C7-C5CBC9971205}.Release|Any CPU.ActiveCfg = Release|Any CPU
		{812D5FD2-C544-4DAD-B5C7-C5CBC9971205}.Release|Any CPU.Build.0 = Release|Any CPU
		{812D5FD2-C544-4DAD-B5C7-C5CBC9971205}.Release|x64.ActiveCfg = Release|Any CPU
		{812D5FD2-C544-4DAD-B5C7-C5CBC9971205}.Release|x64.Build.0 = Release|Any CPU
		{812D5FD2-C544-4DAD-B5C7-C5CBC9971205}.Release|x86.ActiveCfg = Release|Any CPU
		{812D5FD2-C544-4DAD-B5C7-C5CBC9971205}.Release|x86.Build.0 = Release|Any CPU
	EndGlobalSection
	GlobalSection(SolutionProperties) = preSolution
		HideSolutionNode = FALSE
	EndGlobalSection
	GlobalSection(NestedProjects) = preSolution
		{8D626EA8-CB54-BC41-363A-217881BEBA6E} = {827E0CD3-B72D-47B6-A68D-7590B98EB39B}
		{76F6A5BB-C628-416D-89C1-FF29438FFFBF} = {8D626EA8-CB54-BC41-363A-217881BEBA6E}
		{9048EB7F-3875-A59E-E36B-5BD4C6F2A282} = {827E0CD3-B72D-47B6-A68D-7590B98EB39B}
		{64B46812-3EBC-4A8B-AB06-CFD795BE2D47} = {9048EB7F-3875-A59E-E36B-5BD4C6F2A282}
		{81034408-37C8-1011-444E-4C15C2FADA8E} = {827E0CD3-B72D-47B6-A68D-7590B98EB39B}
		{812D5FD2-C544-4DAD-B5C7-C5CBC9971205} = {81034408-37C8-1011-444E-4C15C2FADA8E}
	EndGlobalSection
EndGlobal
